
Microsoft Visual Studio Solution File, Format Version 12.00
# Visual Studio Version 17
VisualStudioVersion = 17.7.34031.279
MinimumVisualStudioVersion = 10.0.40219.1
Project("{9A19103F-16F7-4668-BE54-9A1E7A4F7556}") = "MyCustomControl.Widget", "MyCustomControl.Widget\MyCustomControl.Widget.csproj", "{BF9152A5-4C4C-4732-BD17-B25E7788A88D}"
EndProject
Project("{9A19103F-16F7-4668-BE54-9A1E7A4F7556}") = "MyCustomControl.Demo", "MyCustomControl.Demo\MyCustomControl.Demo.csproj", "{971E65FA-043F-4D57-B732-37E3CB2FB666}"
EndProject
Project("{2150E333-8FDC-42A3-9474-1A3956D46DE8}") = "Solution Items", "Solution Items", "{6163057C-E74B-4514-B824-F6BFCC73E05E}"
	ProjectSection(SolutionItems) = preProject
		About.txt = About.txt
		MyCustomControl.Widget\Themes\Themes\Naming_conventions.txt = MyCustomControl.Widget\Themes\Themes\Naming_conventions.txt
	EndProjectSection
EndProject
Project("{9A19103F-16F7-4668-BE54-9A1E7A4F7556}") = "MyCustomControl.ThemeController", "MyCustomControl.ThemeController\MyCustomControl.ThemeController.csproj", "{3286F1C7-BB61-4C12-9BC0-E4F9A4F81ABE}"
EndProject
Global
	GlobalSection(SolutionConfigurationPlatforms) = preSolution
		Debug|Any CPU = Debug|Any CPU
		Release|Any CPU = Release|Any CPU
	EndGlobalSection
	GlobalSection(ProjectConfigurationPlatforms) = postSolution
		{BF9152A5-4C4C-4732-BD17-B25E7788A88D}.Debug|Any CPU.ActiveCfg = Debug|Any CPU
		{BF9152A5-4C4C-4732-BD17-B25E7788A88D}.Debug|Any CPU.Build.0 = Debug|Any CPU
		{BF9152A5-4C4C-4732-BD17-B25E7788A88D}.Release|Any CPU.ActiveCfg = Release|Any CPU
		{BF9152A5-4C4C-4732-BD17-B25E7788A88D}.Release|Any CPU.Build.0 = Release|Any CPU
		{971E65FA-043F-4D57-B732-37E3CB2FB666}.Debug|Any CPU.ActiveCfg = Debug|Any CPU
		{971E65FA-043F-4D57-B732-37E3CB2FB666}.Debug|Any CPU.Build.0 = Debug|Any CPU
		{971E65FA-043F-4D57-B732-37E3CB2FB666}.Release|Any CPU.ActiveCfg = Release|Any CPU
		{971E65FA-043F-4D57-B732-37E3CB2FB666}.Release|Any CPU.Build.0 = Release|Any CPU
		{3286F1C7-BB61-4C12-9BC0-E4F9A4F81ABE}.Debug|Any CPU.ActiveCfg = Debug|Any CPU
		{3286F1C7-BB61-4C12-9BC0-E4F9A4F81ABE}.Debug|Any CPU.Build.0 = Debug|Any CPU
		{3286F1C7-BB61-4C12-9BC0-E4F9A4F81ABE}.Release|Any CPU.ActiveCfg = Release|Any CPU
		{3286F1C7-BB61-4C12-9BC0-E4F9A4F81ABE}.Release|Any CPU.Build.0 = Release|Any CPU
	EndGlobalSection
	GlobalSection(SolutionProperties) = preSolution
		HideSolutionNode = FALSE
	EndGlobalSection
	GlobalSection(ExtensibilityGlobals) = postSolution
		SolutionGuid = {DAEEEBE6-5212-47A7-9AF9-5090C848486D}
	EndGlobalSection
EndGlobal
